
Microsoft Visual Studio Solution File, Format Version 12.00
# Visual Studio Version 16
VisualStudioVersion = 16.0.30621.155
MinimumVisualStudioVersion = 10.0.40219.1
Project("{FAE04EC0-301F-11D3-BF4B-00C04F79EFBC}") = "AppliancesUI", "AppliancesUI\AppliancesUI.csproj", "{8A266397-979D-4145-998E-0F5591AB2220}"
EndProject
Project("{9A19103F-16F7-4668-BE54-9A1E7A4F7556}") = "AppliancesLibrary", "AppliancesLibrary\AppliancesLibrary.csproj", "{D2D20017-54A3-4E48-A510-EA769A371EFE}"
EndProject
Project("{FAE04EC0-301F-11D3-BF4B-00C04F79EFBC}") = "Appliances.Tests", "Appliances.Tests\Appliances.Tests.csproj", "{753E64D7-01E4-47F9-872D-13B6E66A2BCA}"
EndProject
Global
	GlobalSection(SolutionConfigurationPlatforms) = preSolution
		Debug|Any CPU = Debug|Any CPU
		Release|Any CPU = Release|Any CPU
	EndGlobalSection
	GlobalSection(ProjectConfigurationPlatforms) = postSolution
		{8A266397-979D-4145-998E-0F5591AB2220}.Debug|Any CPU.ActiveCfg = Debug|Any CPU
		{8A266397-979D-4145-998E-0F5591AB2220}.Debug|Any CPU.Build.0 = Debug|Any CPU
		{8A266397-979D-4145-998E-0F5591AB2220}.Release|Any CPU.ActiveCfg = Release|Any CPU
		{8A266397-979D-4145-998E-0F5591AB2220}.Release|Any CPU.Build.0 = Release|Any CPU
		{D2D20017-54A3-4E48-A510-EA769A371EFE}.Debug|Any CPU.ActiveCfg = Debug|Any CPU
		{D2D20017-54A3-4E48-A510-EA769A371EFE}.Debug|Any CPU.Build.0 = Debug|Any CPU
		{D2D20017-54A3-4E48-A510-EA769A371EFE}.Release|Any CPU.ActiveCfg = Release|Any CPU
		{D2D20017-54A3-4E48-A510-EA769A371EFE}.Release|Any CPU.Build.0 = Release|Any CPU
		{753E64D7-01E4-47F9-872D-13B6E66A2BCA}.Debug|Any CPU.ActiveCfg = Debug|Any CPU
		{753E64D7-01E4-47F9-872D-13B6E66A2BCA}.Debug|Any CPU.Build.0 = Debug|Any CPU
		{753E64D7-01E4-47F9-872D-13B6E66A2BCA}.Release|Any CPU.ActiveCfg = Release|Any CPU
		{753E64D7-01E4-47F9-872D-13B6E66A2BCA}.Release|Any CPU.Build.0 = Release|Any CPU
	EndGlobalSection
	GlobalSection(SolutionProperties) = preSolution
		HideSolutionNode = FALSE
	EndGlobalSection
	GlobalSection(ExtensibilityGlobals) = postSolution
		SolutionGuid = {05635449-0265-41DA-A404-2F457E69BE46}
	EndGlobalSection
EndGlobal
